github.com/lib/pq v1.10.2 h1:AqzbZs4ZoCBp+GtejcpCpcxM3zlSMx29dXbUSeVtJb8=
github.com/lib/pq v1.10.2/go.mod h1:AlVN5x4E4T544tWzH6hKfbfQvm3HdbOxrmggDNAPY9o=
github.com/michaeliyke/Golang v0.1.3 h1:WhuUHgdviGjnYk3tRY9fdTXrS5O5ghm133Wn6Oyt36Y=
github.com/michaeliyke/Golang v0.1.3/go.mod h1:e2cykNfoOIVQa2wT5gnaAJ3nonYcht1oFQad5DUVutQ=
golang.org/x/tour v0.1.0/go.mod h1:DUZC6G8mR1AXgXy73r8qt/G5RsefKIlSj6jBMc8b9Wc=
